
Microsoft Visual Studio Solution File, Format Version 12.00
# Visual Studio Version 16
VisualStudioVersion = 16.0.28407.52
MinimumVisualStudioVersion = 10.0.40219.1
Project("{FAE04EC0-301F-11D3-BF4B-00C04F79EFBC}") = "CSharpConsole", "Console\CSharpConsole.csproj", "{3E9360DB-C56E-4841-A0CF-87C60532C9B8}"
EndProject
Global
	GlobalSection(SolutionConfigurationPlatforms) = preSolution
		Debug|Any CPU = Debug|Any CPU
		Release|Any CPU = Release|Any CPU
	EndGlobalSection
	GlobalSection(ProjectConfigurationPlatforms) = postSolution
		{3E9360DB-C56E-4841-A0CF-87C60532C9B8}.Debug|Any CPU.ActiveCfg = Debug|Any CPU
		{3E9360DB-C56E-4841-A0CF-87C60532C9B8}.Debug|Any CPU.Build.0 = Debug|Any CPU
		{3E9360DB-C56E-4841-A0CF-87C60532C9B8}.Release|Any CPU.ActiveCfg = Release|Any CPU
		{3E9360DB-C56E-4841-A0CF-87C60532C9B8}.Release|Any CPU.Build.0 = Release|Any CPU
	EndGlobalSection
	GlobalSection(SolutionProperties) = preSolution
		HideSolutionNode = FALSE
	EndGlobalSection
	GlobalSection(ExtensibilityGlobals) = postSolution
		SolutionGuid = {CEB22621-E712-42BF-82E0-902AA6F195B1}
	EndGlobalSection
EndGlobal
